{
  "name": "StandaloneViewer",
  "requires": true,
  "lockfileVersion": 1,
  "dependencies": {
    "@babel/polyfill": {
      "version": "7.2.5",
      "resolved": "https://registry.npmjs.org/@babel/polyfill/-/polyfill-7.2.5.tgz",
      "integrity": "sha512-8Y/t3MWThtMLYr0YNC/Q76tqN1w30+b0uQMeFUYauG2UGTR19zyUtFrAzT23zNtBxPp+LbE5E/nwV/q/r3y6ug==",
      "requires": {
        "core-js": "^2.5.7",
        "regenerator-runtime": "^0.12.0"
      }
    },
    "@babel/runtime": {
      "version": "7.0.0-beta.55",
      "resolved": "https://registry.npmjs.org/@babel/runtime/-/runtime-7.0.0-beta.55.tgz",
      "integrity": "sha1-C8M6paasCwEvN+JbnmqqLkiakWs=",
      "requires": {
        "core-js": "^2.5.7",
        "regenerator-runtime": "^0.12.0"
      }
    },
    "acorn": {
      "version": "5.7.3",
      "resolved": "https://registry.npmjs.org/acorn/-/acorn-5.7.3.tgz",
      "integrity": "sha512-T/zvzYRfbVojPWahDsE5evJdHb3oJoQfFbsrKM7w5Zcs++Tr257tia3BmMP8XYVjp1S9RZXQMh7gao96BlqZOw=="
    },
    "core-js": {
      "version": "2.5.7",
      "resolved": "https://registry.npmjs.org/core-js/-/core-js-2.5.7.tgz",
      "integrity": "sha512-RszJCAxg/PP6uzXVXL6BsxSXx/B05oJAQ2vkJRjyjrEcNVycaqOmNb5OTxZPE3xa5gwZduqza6L9JOCenh/Ecw=="
    },
    "cornerstone-web-image-loader": {
      "version": "2.1.0",
      "resolved": "https://registry.npmjs.org/cornerstone-web-image-loader/-/cornerstone-web-image-loader-2.1.0.tgz",
      "integrity": "sha512-RllTpe+NNDY5rPr9/8mjbFOpwYHrPZFuqT1wsLzoKnbapSXAWNy6waCjPVKGON0dLThLE7gihvuX/q7eSEmdsg=="
    },
    "dcmjs": {
      "version": "0.4.2",
      "resolved": "https://registry.npmjs.org/dcmjs/-/dcmjs-0.4.2.tgz",
      "integrity": "sha512-sWUQSbo3ht4whUx8unaGNQUnGF7UAm+BIjtwO00qKOwAii/kfNtgpFwDiiILAsWLZIsCfQM/O0Y2oqQS+cWTZg==",
      "requires": {
        "@babel/polyfill": "^7.2.5",
        "@babel/runtime": "^7.3.1",
        "loglevelnext": "^3.0.0",
        "ndarray": "^1.0.18"
      },
      "dependencies": {
        "@babel/runtime": {
          "version": "7.3.4",
          "resolved": "https://registry.npmjs.org/@babel/runtime/-/runtime-7.3.4.tgz",
          "integrity": "sha512-IvfvnMdSaLBateu0jfsYIpZTxAc2cKEXEMiezGGN75QcBcecDUKd3PgLAncT0oOgxKy8dd8hrJKj9MfzgfZd6g==",
          "requires": {
            "regenerator-runtime": "^0.12.0"
          }
        }
      }
    },
    "gpu.js": {
      "version": "1.10.4",
      "resolved": "https://registry.npmjs.org/gpu.js/-/gpu.js-1.10.4.tgz",
      "integrity": "sha512-qh5O1LXwwkhGOpEicR9SnQB7xduUDY5rKGPWj9yOFLNI90bX+mReooGQjnL3iZ08btBOT0zQGu9wKA+gGy2BhQ==",
      "requires": {
        "acorn": "^5.1.1"
      }
    },
    "iota-array": {
      "version": "1.0.0",
      "resolved": "https://registry.npmjs.org/iota-array/-/iota-array-1.0.0.tgz",
      "integrity": "sha1-ge9X/l0FgUzVjCSDYyqZwwoOgIc="
    },
    "is-buffer": {
      "version": "1.1.6",
      "resolved": "https://registry.npmjs.org/is-buffer/-/is-buffer-1.1.6.tgz",
      "integrity": "sha512-NcdALwpXkTm5Zvvbk7owOUSvVvBKDgKP5/ewfXEznmQFfs4ZRmanOeKBTjRVjka3QFoN6XJ+9F3USqfHqTaU5w=="
    },
    "loglevel": {
      "version": "1.6.1",
      "resolved": "https://registry.npmjs.org/loglevel/-/loglevel-1.6.1.tgz",
      "integrity": "sha1-4PyVEztu8nbNyIh82vJKpvFW+Po="
    },
    "loglevelnext": {
      "version": "3.0.0",
      "resolved": "https://registry.npmjs.org/loglevelnext/-/loglevelnext-3.0.0.tgz",
      "integrity": "sha512-QpOjsecBDe3lI9sDcdCyVbuMsit3T15Qluf4C7MoYeeR6jmqSOvH3QFctZtygfIdGJLlchdN7JSjSVhOhZ3HxQ=="
    },
    "mousetrap": {
      "version": "1.6.2",
      "resolved": "https://registry.npmjs.org/mousetrap/-/mousetrap-1.6.2.tgz",
      "integrity": "sha512-jDjhi7wlHwdO6q6DS7YRmSHcuI+RVxadBkLt3KHrhd3C2b+w5pKefg3oj5beTcHZyVFA9Aksf+yEE1y5jxUjVA=="
    },
    "ndarray": {
      "version": "1.0.18",
      "resolved": "https://registry.npmjs.org/ndarray/-/ndarray-1.0.18.tgz",
      "integrity": "sha1-tg06cyJOxVXQ+qeXEeUCRI/T95M=",
      "requires": {
        "iota-array": "^1.0.0",
        "is-buffer": "^1.0.2"
      }
    },
    "nifti-reader-js": {
      "version": "0.5.4",
      "resolved": "https://registry.npmjs.org/nifti-reader-js/-/nifti-reader-js-0.5.4.tgz",
      "integrity": "sha1-poNfYlq6P9C5HSVU2ZVFoA0PIWE=",
      "requires": {
        "pako": "*"
      }
    },
    "pako": {
      "version": "1.0.7",
      "resolved": "https://registry.npmjs.org/pako/-/pako-1.0.7.tgz",
      "integrity": "sha512-3HNK5tW4x8o5mO8RuHZp3Ydw9icZXx0RANAOMzlMzx7LVXhMJ4mo3MOBpzyd7r/+RUu8BmndP47LXT+vzjtWcQ=="
    },
    "regenerator-runtime": {
      "version": "0.12.1",
      "resolved": "https://registry.npmjs.org/regenerator-runtime/-/regenerator-runtime-0.12.1.tgz",
      "integrity": "sha512-odxIc1/vDlo4iZcfXqRYFj0vpXFNoGdKMAUieAlFYO6m/nl5e9KR/beGf41z4a1FI+aQgtjhuaSlDxQ0hmkrHg=="
    },
    "underscore": {
      "version": "1.9.1",
      "resolved": "https://registry.npmjs.org/underscore/-/underscore-1.9.1.tgz",
      "integrity": "sha512-5/4etnCkd9c8gwgowi5/om/mYO5ajCaOgdzj/oW+0eQV9WxKBDZw5+ycmKmeaTXjInS/W0BzpGLo2xR2aBwZdg=="
    },
    "xml-writer": {
      "version": "1.7.0",
      "resolved": "https://registry.npmjs.org/xml-writer/-/xml-writer-1.7.0.tgz",
      "integrity": "sha1-t28dWRwWomNOvbcDx729D9aBkGU="
    }
  }
}
